<?xml version="1.0" encoding="UTF-8" standalone="yes" ?>
<CodeBlocks_project_file>
	<FileVersion major="1" minor="6" />
	<Project>
		<Option title="TeamFWordle" />
		<Option pch_mode="2" />
		<Option compiler="gcc" />
		<Option virtualFolders="Others/" />
		<Build>
			<Target title="Debug">
				<Option output="bin/Debug/TeamFWordle" prefix_auto="1" extension_auto="1" />
				<Option object_output="obj/Debug/" />
				<Option type="1" />
				<Option compiler="gcc" />
				<Compiler>
					<Add option="-g" />
					<Add directory="include/View" />
					<Add directory="include/IO" />
					<Add directory="include/Controller" />
					<Add directory="include/Model" />
					<Add directory="include/Utils" />
				</Compiler>
			</Target>
		</Build>
		<Compiler>
			<Add option="`fltk-config --cxxflags`" />
		</Compiler>
		<Linker>
			<Add option="`fltk-config --ldstaticflags`" />
		</Linker>
		<Unit filename="include/Controller/gameboardcontroller.h" />
		<Unit filename="include/Controller/logincontroller.h" />
		<Unit filename="include/IO/fileio.h" />
		<Unit filename="include/Model/player.h" />
		<Unit filename="include/Utils/guesschecker.h" />
		<Unit filename="include/View/gameboardwindow.h" />
		<Unit filename="include/View/loginview.h" />
		<Unit filename="main.cpp" />
		<Unit filename="src/Controller/gameboardcontroller.cpp" />
		<Unit filename="src/Controller/logincontroller.cpp" />
		<Unit filename="src/IO/fileio.cpp" />
		<Unit filename="src/Model/player.cpp" />
		<Unit filename="src/Utils/guesschecker.cpp" />
		<Unit filename="src/View/gameboardwindow.cpp" />
		<Unit filename="src/View/loginview.cpp" />
		<Unit filename="words.txt" />
		<Extensions>
			<lib_finder disable_auto="1" />
		</Extensions>
	</Project>
</CodeBlocks_project_file>
